
Microsoft Visual Studio Solution File, Format Version 12.00
# Visual Studio 15
Project("{FAE04EC0-301F-11D3-BF4B-00C04F79EFBC}") = "Assembly-CSharp", "Assembly-CSharp.csproj", "{B294CCDF-0D92-A78B-45A9-EF2BC15ADD47}"
EndProject
Project("{FAE04EC0-301F-11D3-BF4B-00C04F79EFBC}") = "Assembly-CSharp-Editor", "Assembly-CSharp-Editor.csproj", "{1C38BE9A-8466-1D23-824F-53B916C9A30E}"
EndProject
Global
	GlobalSection(SolutionConfigurationPlatforms) = preSolution
		Debug|Any CPU = Debug|Any CPU
		Release|Any CPU = Release|Any CPU
	EndGlobalSection
	GlobalSection(ProjectConfigurationPlatforms) = postSolution
		{B294CCDF-0D92-A78B-45A9-EF2BC15ADD47}.Debug|Any CPU.ActiveCfg = Debug|Any CPU
		{B294CCDF-0D92-A78B-45A9-EF2BC15ADD47}.Debug|Any CPU.Build.0 = Debug|Any CPU
		{B294CCDF-0D92-A78B-45A9-EF2BC15ADD47}.Release|Any CPU.ActiveCfg = Release|Any CPU
		{B294CCDF-0D92-A78B-45A9-EF2BC15ADD47}.Release|Any CPU.Build.0 = Release|Any CPU
		{1C38BE9A-8466-1D23-824F-53B916C9A30E}.Debug|Any CPU.ActiveCfg = Debug|Any CPU
		{1C38BE9A-8466-1D23-824F-53B916C9A30E}.Debug|Any CPU.Build.0 = Debug|Any CPU
		{1C38BE9A-8466-1D23-824F-53B916C9A30E}.Release|Any CPU.ActiveCfg = Release|Any CPU
		{1C38BE9A-8466-1D23-824F-53B916C9A30E}.Release|Any CPU.Build.0 = Release|Any CPU
	EndGlobalSection
	GlobalSection(SolutionProperties) = preSolution
		HideSolutionNode = FALSE
	EndGlobalSection
EndGlobal
